// !$*UTF8*$!
{
	archiveVersion = 1;
	classes = {
	};
	objectVersion = 46;
	objects = {

/* Begin PBXBuildFile section */
		3B3A23211E5EFC9B00B98E38 /* UserSession.swift in Sources */ = {isa = PBXBuildFile; fileRef = 3B3A23201E5EFC9B00B98E38 /* UserSession.swift */; };
		3B3A23241E5F2C1400B98E38 /* PostSession.swift in Sources */ = {isa = PBXBuildFile; fileRef = 3B3A23231E5F2C1400B98E38 /* PostSession.swift */; };
		3BD231C81E5DA9A300902E44 /* profilePostTableViewCell.swift in Sources */ = {isa = PBXBuildFile; fileRef = 3BD231C71E5DA9A300902E44 /* profilePostTableViewCell.swift */; };
		3BD231CA1E5DDEE500902E44 /* GoogleService-Info.plist in Resources */ = {isa = PBXBuildFile; fileRef = 3BD231C91E5DDEE500902E44 /* GoogleService-Info.plist */; };
		3BD231CB1E5DDEE500902E44 /* GoogleService-Info.plist in Resources */ = {isa = PBXBuildFile; fileRef = 3BD231C91E5DDEE500902E44 /* GoogleService-Info.plist */; };
		3BD231CC1E5DDEE500902E44 /* GoogleService-Info.plist in Resources */ = {isa = PBXBuildFile; fileRef = 3BD231C91E5DDEE500902E44 /* GoogleService-Info.plist */; };
		3BD231CF1E5DFEA700902E44 /* LoginService.swift in Sources */ = {isa = PBXBuildFile; fileRef = 3BD231CE1E5DFEA700902E44 /* LoginService.swift */; };
		3BD231D01E5DFEA700902E44 /* LoginService.swift in Sources */ = {isa = PBXBuildFile; fileRef = 3BD231CE1E5DFEA700902E44 /* LoginService.swift */; };
		3BD231D11E5DFEA700902E44 /* LoginService.swift in Sources */ = {isa = PBXBuildFile; fileRef = 3BD231CE1E5DFEA700902E44 /* LoginService.swift */; };
		3BE3BC3A1E57303400EA97DB /* signInViewController.swift in Sources */ = {isa = PBXBuildFile; fileRef = 3BE3BC391E57303400EA97DB /* signInViewController.swift */; };
		3BE3BC3C1E57308200EA97DB /* signUpViewController.swift in Sources */ = {isa = PBXBuildFile; fileRef = 3BE3BC3B1E57308200EA97DB /* signUpViewController.swift */; };
		BABE1D491E507D9900E5E7E9 /* AppDelegate.swift in Sources */ = {isa = PBXBuildFile; fileRef = BABE1D481E507D9900E5E7E9 /* AppDelegate.swift */; };
		BABE1D4B1E507D9900E5E7E9 /* TabBarController.swift in Sources */ = {isa = PBXBuildFile; fileRef = BABE1D4A1E507D9900E5E7E9 /* TabBarController.swift */; };
		BABE1D4E1E507D9900E5E7E9 /* Main.storyboard in Resources */ = {isa = PBXBuildFile; fileRef = BABE1D4C1E507D9900E5E7E9 /* Main.storyboard */; };
		BABE1D501E507D9900E5E7E9 /* Assets.xcassets in Resources */ = {isa = PBXBuildFile; fileRef = BABE1D4F1E507D9900E5E7E9 /* Assets.xcassets */; };
		BABE1D531E507D9900E5E7E9 /* LaunchScreen.storyboard in Resources */ = {isa = PBXBuildFile; fileRef = BABE1D511E507D9900E5E7E9 /* LaunchScreen.storyboard */; };
		BABE1D5E1E507D9900E5E7E9 /* MonogramTests.swift in Sources */ = {isa = PBXBuildFile; fileRef = BABE1D5D1E507D9900E5E7E9 /* MonogramTests.swift */; };
		BABE1D691E507D9900E5E7E9 /* MonogramUITests.swift in Sources */ = {isa = PBXBuildFile; fileRef = BABE1D681E507D9900E5E7E9 /* MonogramUITests.swift */; };
		BABE1D771E50834C00E5E7E9 /* FeedViewController.swift in Sources */ = {isa = PBXBuildFile; fileRef = BABE1D761E50834C00E5E7E9 /* FeedViewController.swift */; };
		BABE1D791E50838F00E5E7E9 /* profileViewController.swift in Sources */ = {isa = PBXBuildFile; fileRef = BABE1D781E50838F00E5E7E9 /* profileViewController.swift */; };
		BABE1D7B1E508C3100E5E7E9 /* Post.swift in Sources */ = {isa = PBXBuildFile; fileRef = BABE1D7A1E508C3100E5E7E9 /* Post.swift */; };
		BABE1D7F1E50918300E5E7E9 /* PostTableViewCell.swift in Sources */ = {isa = PBXBuildFile; fileRef = BABE1D7E1E50918300E5E7E9 /* PostTableViewCell.swift */; };
		BABE1D821E5091FF00E5E7E9 /* User.swift in Sources */ = {isa = PBXBuildFile; fileRef = BABE1D811E5091FF00E5E7E9 /* User.swift */; };
/* End PBXBuildFile section */

/* Begin PBXContainerItemProxy section */
		BABE1D5A1E507D9900E5E7E9 /* PBXContainerItemProxy */ = {
			isa = PBXContainerItemProxy;
			containerPortal = BABE1D3D1E507D9600E5E7E9 /* Project object */;
			proxyType = 1;
			remoteGlobalIDString = BABE1D441E507D9700E5E7E9;
			remoteInfo = Monogram;
		};
		BABE1D651E507D9900E5E7E9 /* PBXContainerItemProxy */ = {
			isa = PBXContainerItemProxy;
			containerPortal = BABE1D3D1E507D9600E5E7E9 /* Project object */;
			proxyType = 1;
			remoteGlobalIDString = BABE1D441E507D9700E5E7E9;
			remoteInfo = Monogram;
		};
/* End PBXContainerItemProxy section */

/* Begin PBXFileReference section */
		3B3A23201E5EFC9B00B98E38 /* UserSession.swift */ = {isa = PBXFileReference; fileEncoding = 4; lastKnownFileType = sourcecode.swift; path = UserSession.swift; sourceTree = "<group>"; };
		3B3A23231E5F2C1400B98E38 /* PostSession.swift */ = {isa = PBXFileReference; fileEncoding = 4; lastKnownFileType = sourcecode.swift; path = PostSession.swift; sourceTree = "<group>"; };
		3BD231C71E5DA9A300902E44 /* profilePostTableViewCell.swift */ = {isa = PBXFileReference; fileEncoding = 4; lastKnownFileType = sourcecode.swift; path = profilePostTableViewCell.swift; sourceTree = "<group>"; };
		3BD231C91E5DDEE500902E44 /* GoogleService-Info.plist */ = {isa = PBXFileReference; fileEncoding = 4; lastKnownFileType = text.plist.xml; path = "GoogleService-Info.plist"; sourceTree = "<group>"; };
		3BD231CE1E5DFEA700902E44 /* LoginService.swift */ = {isa = PBXFileReference; fileEncoding = 4; lastKnownFileType = sourcecode.swift; path = LoginService.swift; sourceTree = "<group>"; };
		3BE3BC391E57303400EA97DB /* signInViewController.swift */ = {isa = PBXFileReference; fileEncoding = 4; lastKnownFileType = sourcecode.swift; path = signInViewController.swift; sourceTree = "<group>"; };
		3BE3BC3B1E57308200EA97DB /* signUpViewController.swift */ = {isa = PBXFileReference; fileEncoding = 4; lastKnownFileType = sourcecode.swift; path = signUpViewController.swift; sourceTree = "<group>"; };
		BABE1D451E507D9900E5E7E9 /* Monogram.app */ = {isa = PBXFileReference; explicitFileType = wrapper.application; includeInIndex = 0; path = Monogram.app; sourceTree = BUILT_PRODUCTS_DIR; };
		BABE1D481E507D9900E5E7E9 /* AppDelegate.swift */ = {isa = PBXFileReference; lastKnownFileType = sourcecode.swift; path = AppDelegate.swift; sourceTree = "<group>"; };
		BABE1D4A1E507D9900E5E7E9 /* TabBarController.swift */ = {isa = PBXFileReference; lastKnownFileType = sourcecode.swift; path = TabBarController.swift; sourceTree = "<group>"; };
		BABE1D4D1E507D9900E5E7E9 /* Base */ = {isa = PBXFileReference; lastKnownFileType = file.storyboard; name = Base; path = Base.lproj/Main.storyboard; sourceTree = "<group>"; };
		BABE1D4F1E507D9900E5E7E9 /* Assets.xcassets */ = {isa = PBXFileReference; lastKnownFileType = folder.assetcatalog; path = Assets.xcassets; sourceTree = "<group>"; };
		BABE1D521E507D9900E5E7E9 /* Base */ = {isa = PBXFileReference; lastKnownFileType = file.storyboard; name = Base; path = Base.lproj/LaunchScreen.storyboard; sourceTree = "<group>"; };
		BABE1D541E507D9900E5E7E9 /* Info.plist */ = {isa = PBXFileReference; lastKnownFileType = text.plist.xml; path = Info.plist; sourceTree = "<group>"; };
		BABE1D591E507D9900E5E7E9 /* MonogramTests.xctest */ = {isa = PBXFileReference; explicitFileType = wrapper.cfbundle; includeInIndex = 0; path = MonogramTests.xctest; sourceTree = BUILT_PRODUCTS_DIR; };
		BABE1D5D1E507D9900E5E7E9 /* MonogramTests.swift */ = {isa = PBXFileReference; lastKnownFileType = sourcecode.swift; path = MonogramTests.swift; sourceTree = "<group>"; };
		BABE1D5F1E507D9900E5E7E9 /* Info.plist */ = {isa = PBXFileReference; lastKnownFileType = text.plist.xml; path = Info.plist; sourceTree = "<group>"; };
		BABE1D641E507D9900E5E7E9 /* MonogramUITests.xctest */ = {isa = PBXFileReference; explicitFileType = wrapper.cfbundle; includeInIndex = 0; path = MonogramUITests.xctest; sourceTree = BUILT_PRODUCTS_DIR; };
		BABE1D681E507D9900E5E7E9 /* MonogramUITests.swift */ = {isa = PBXFileReference; lastKnownFileType = sourcecode.swift; path = MonogramUITests.swift; sourceTree = "<group>"; };
		BABE1D6A1E507D9900E5E7E9 /* Info.plist */ = {isa = PBXFileReference; lastKnownFileType = text.plist.xml; path = Info.plist; sourceTree = "<group>"; };
		BABE1D761E50834C00E5E7E9 /* FeedViewController.swift */ = {isa = PBXFileReference; fileEncoding = 4; lastKnownFileType = sourcecode.swift; path = FeedViewController.swift; sourceTree = "<group>"; };
		BABE1D781E50838F00E5E7E9 /* profileViewController.swift */ = {isa = PBXFileReference; fileEncoding = 4; lastKnownFileType = sourcecode.swift; path = profileViewController.swift; sourceTree = "<group>"; };
		BABE1D7A1E508C3100E5E7E9 /* Post.swift */ = {isa = PBXFileReference; fileEncoding = 4; lastKnownFileType = sourcecode.swift; path = Post.swift; sourceTree = "<group>"; };
		BABE1D7E1E50918300E5E7E9 /* PostTableViewCell.swift */ = {isa = PBXFileReference; fileEncoding = 4; lastKnownFileType = sourcecode.swift; path = PostTableViewCell.swift; sourceTree = "<group>"; };
		BABE1D811E5091FF00E5E7E9 /* User.swift */ = {isa = PBXFileReference; fileEncoding = 4; lastKnownFileType = sourcecode.swift; path = User.swift; sourceTree = "<group>"; };
/* End PBXFileReference section */

/* Begin PBXFrameworksBuildPhase section */
		BABE1D421E507D9700E5E7E9 /* Frameworks */ = {
			isa = PBXFrameworksBuildPhase;
			buildActionMask = 2147483647;
			files = (
			);
			runOnlyForDeploymentPostprocessing = 0;
		};
		BABE1D561E507D9900E5E7E9 /* Frameworks */ = {
			isa = PBXFrameworksBuildPhase;
			buildActionMask = 2147483647;
			files = (
			);
			runOnlyForDeploymentPostprocessing = 0;
		};
		BABE1D611E507D9900E5E7E9 /* Frameworks */ = {
			isa = PBXFrameworksBuildPhase;
			buildActionMask = 2147483647;
			files = (
			);
			runOnlyForDeploymentPostprocessing = 0;
		};
/* End PBXFrameworksBuildPhase section */

/* Begin PBXGroup section */
		3B3A23221E5F2BDD00B98E38 /* Sessions */ = {
			isa = PBXGroup;
			children = (
				3B3A23201E5EFC9B00B98E38 /* UserSession.swift */,
				3B3A23231E5F2C1400B98E38 /* PostSession.swift */,
			);
			name = Sessions;
			sourceTree = "<group>";
		};
		3BD231CD1E5DFE9500902E44 /* Services */ = {
			isa = PBXGroup;
			children = (
				3BD231CE1E5DFEA700902E44 /* LoginService.swift */,
			);
			name = Services;
			sourceTree = "<group>";
		};
		3BE3BC381E572FF900EA97DB /* ViewControllers */ = {
			isa = PBXGroup;
			children = (
				BABE1D781E50838F00E5E7E9 /* profileViewController.swift */,
				BABE1D761E50834C00E5E7E9 /* FeedViewController.swift */,
				3BE3BC391E57303400EA97DB /* signInViewController.swift */,
				3BE3BC3B1E57308200EA97DB /* signUpViewController.swift */,
			);
			name = ViewControllers;
			sourceTree = "<group>";
		};
		BABE1D3C1E507D9600E5E7E9 = {
			isa = PBXGroup;
			children = (
				BABE1D471E507D9900E5E7E9 /* Monogram */,
				BABE1D5C1E507D9900E5E7E9 /* MonogramTests */,
				BABE1D671E507D9900E5E7E9 /* MonogramUITests */,
				BABE1D461E507D9900E5E7E9 /* Products */,
			);
			sourceTree = "<group>";
		};
		BABE1D461E507D9900E5E7E9 /* Products */ = {
			isa = PBXGroup;
			children = (
				BABE1D451E507D9900E5E7E9 /* Monogram.app */,
				BABE1D591E507D9900E5E7E9 /* MonogramTests.xctest */,
				BABE1D641E507D9900E5E7E9 /* MonogramUITests.xctest */,
			);
			name = Products;
			sourceTree = "<group>";
		};
		BABE1D471E507D9900E5E7E9 /* Monogram */ = {
			isa = PBXGroup;
			children = (
				3B3A23221E5F2BDD00B98E38 /* Sessions */,
				3BD231CD1E5DFE9500902E44 /* Services */,
				3BE3BC381E572FF900EA97DB /* ViewControllers */,
				BABE1D801E5091B200E5E7E9 /* Models */,
				BABE1D481E507D9900E5E7E9 /* AppDelegate.swift */,
				BABE1D4A1E507D9900E5E7E9 /* TabBarController.swift */,
				BABE1D4C1E507D9900E5E7E9 /* Main.storyboard */,
				BABE1D4F1E507D9900E5E7E9 /* Assets.xcassets */,
				BABE1D511E507D9900E5E7E9 /* LaunchScreen.storyboard */,
				3BD231C91E5DDEE500902E44 /* GoogleService-Info.plist */,
				BABE1D541E507D9900E5E7E9 /* Info.plist */,
			);
			path = Monogram;
			sourceTree = "<group>";
		};
		BABE1D5C1E507D9900E5E7E9 /* MonogramTests */ = {
			isa = PBXGroup;
			children = (
				BABE1D5D1E507D9900E5E7E9 /* MonogramTests.swift */,
				BABE1D5F1E507D9900E5E7E9 /* Info.plist */,
			);
			path = MonogramTests;
			sourceTree = "<group>";
		};
		BABE1D671E507D9900E5E7E9 /* MonogramUITests */ = {
			isa = PBXGroup;
			children = (
				BABE1D681E507D9900E5E7E9 /* MonogramUITests.swift */,
				BABE1D6A1E507D9900E5E7E9 /* Info.plist */,
			);
			path = MonogramUITests;
			sourceTree = "<group>";
		};
		BABE1D801E5091B200E5E7E9 /* Models */ = {
			isa = PBXGroup;
			children = (
				BABE1D7E1E50918300E5E7E9 /* PostTableViewCell.swift */,
				3BD231C71E5DA9A300902E44 /* profilePostTableViewCell.swift */,
				BABE1D7A1E508C3100E5E7E9 /* Post.swift */,
				BABE1D811E5091FF00E5E7E9 /* User.swift */,
			);
			name = Models;
			sourceTree = "<group>";
		};
/* End PBXGroup section */

/* Begin PBXNativeTarget section */
		BABE1D441E507D9700E5E7E9 /* Monogram */ = {
			isa = PBXNativeTarget;
			buildConfigurationList = BABE1D6D1E507D9900E5E7E9 /* Build configuration list for PBXNativeTarget "Monogram" */;
			buildPhases = (
				BABE1D411E507D9700E5E7E9 /* Sources */,
				BABE1D421E507D9700E5E7E9 /* Frameworks */,
				BABE1D431E507D9700E5E7E9 /* Resources */,
			);
			buildRules = (
			);
			dependencies = (
			);
			name = Monogram;
			productName = Monogram;
			productReference = BABE1D451E507D9900E5E7E9 /* Monogram.app */;
			productType = "com.apple.product-type.application";
		};
		BABE1D581E507D9900E5E7E9 /* MonogramTests */ = {
			isa = PBXNativeTarget;
			buildConfigurationList = BABE1D701E507D9900E5E7E9 /* Build configuration list for PBXNativeTarget "MonogramTests" */;
			buildPhases = (
				BABE1D551E507D9900E5E7E9 /* Sources */,
				BABE1D561E507D9900E5E7E9 /* Frameworks */,
				BABE1D571E507D9900E5E7E9 /* Resources */,
			);
			buildRules = (
			);
			dependencies = (
				BABE1D5B1E507D9900E5E7E9 /* PBXTargetDependency */,
			);
			name = MonogramTests;
			productName = MonogramTests;
			productReference = BABE1D591E507D9900E5E7E9 /* MonogramTests.xctest */;
			productType = "com.apple.product-type.bundle.unit-test";
		};
		BABE1D631E507D9900E5E7E9 /* MonogramUITests */ = {
			isa = PBXNativeTarget;
			buildConfigurationList = BABE1D731E507D9900E5E7E9 /* Build configuration list for PBXNativeTarget "MonogramUITests" */;
			buildPhases = (
				BABE1D601E507D9900E5E7E9 /* Sources */,
				BABE1D611E507D9900E5E7E9 /* Frameworks */,
				BABE1D621E507D9900E5E7E9 /* Resources */,
			);
			buildRules = (
			);
			dependencies = (
				BABE1D661E507D9900E5E7E9 /* PBXTargetDependency */,
			);
			name = MonogramUITests;
			productName = MonogramUITests;
			productReference = BABE1D641E507D9900E5E7E9 /* MonogramUITests.xctest */;
			productType = "com.apple.product-type.bundle.ui-testing";
		};
/* End PBXNativeTarget section */

/* Begin PBXProject section */
		BABE1D3D1E507D9600E5E7E9 /* Project object */ = {
			isa = PBXProject;
			attributes = {
				LastSwiftUpdateCheck = 0820;
				LastUpgradeCheck = 0820;
				ORGANIZATIONNAME = olmaditekrar;
				TargetAttributes = {
					BABE1D441E507D9700E5E7E9 = {
						CreatedOnToolsVersion = 8.2.1;
						DevelopmentTeam = SJYB86L23S;
						ProvisioningStyle = Automatic;
					};
					BABE1D581E507D9900E5E7E9 = {
						CreatedOnToolsVersion = 8.2.1;
						ProvisioningStyle = Automatic;
						TestTargetID = BABE1D441E507D9700E5E7E9;
					};
					BABE1D631E507D9900E5E7E9 = {
						CreatedOnToolsVersion = 8.2.1;
						ProvisioningStyle = Automatic;
						TestTargetID = BABE1D441E507D9700E5E7E9;
					};
				};
			};
			buildConfigurationList = BABE1D401E507D9600E5E7E9 /* Build configuration list for PBXProject "Monogram" */;
			compatibilityVersion = "Xcode 3.2";
			developmentRegion = English;
			hasScannedForEncodings = 0;
			knownRegions = (
				en,
				Base,
			);
			mainGroup = BABE1D3C1E507D9600E5E7E9;
			productRefGroup = BABE1D461E507D9900E5E7E9 /* Products */;
			projectDirPath = "";
			projectRoot = "";
			targets = (
				BABE1D441E507D9700E5E7E9 /* Monogram */,
				BABE1D581E507D9900E5E7E9 /* MonogramTests */,
				BABE1D631E507D9900E5E7E9 /* MonogramUITests */,
			);
		};
/* End PBXProject section */

/* Begin PBXResourcesBuildPhase section */
		BABE1D431E507D9700E5E7E9 /* Resources */ = {
			isa = PBXResourcesBuildPhase;
			buildActionMask = 2147483647;
			files = (
				BABE1D531E507D9900E5E7E9 /* LaunchScreen.storyboard in Resources */,
				3BD231CA1E5DDEE500902E44 /* GoogleService-Info.plist in Resources */,
				BABE1D501E507D9900E5E7E9 /* Assets.xcassets in Resources */,
				BABE1D4E1E507D9900E5E7E9 /* Main.storyboard in Resources */,
			);
			runOnlyForDeploymentPostprocessing = 0;
		};
		BABE1D571E507D9900E5E7E9 /* Resources */ = {
			isa = PBXResourcesBuildPhase;
			buildActionMask = 2147483647;
			files = (
				3BD231CB1E5DDEE500902E44 /* GoogleService-Info.plist in Resources */,
			);
			runOnlyForDeploymentPostprocessing = 0;
		};
		BABE1D621E507D9900E5E7E9 /* Resources */ = {
			isa = PBXResourcesBuildPhase;
			buildActionMask = 2147483647;
			files = (
				3BD231CC1E5DDEE500902E44 /* GoogleService-Info.plist in Resources */,
			);
			runOnlyForDeploymentPostprocessing = 0;
		};
/* End PBXResourcesBuildPhase section */

/* Begin PBXSourcesBuildPhase section */
		BABE1D411E507D9700E5E7E9 /* Sources */ = {
			isa = PBXSourcesBuildPhase;
			buildActionMask = 2147483647;
			files = (
				BABE1D4B1E507D9900E5E7E9 /* TabBarController.swift in Sources */,
				BABE1D771E50834C00E5E7E9 /* FeedViewController.swift in Sources */,
				3B3A23241E5F2C1400B98E38 /* PostSession.swift in Sources */,
				BABE1D791E50838F00E5E7E9 /* profileViewController.swift in Sources */,
				3B3A23211E5EFC9B00B98E38 /* UserSession.swift in Sources */,
				BABE1D491E507D9900E5E7E9 /* AppDelegate.swift in Sources */,
				3BE3BC3A1E57303400EA97DB /* signInViewController.swift in Sources */,
				BABE1D7B1E508C3100E5E7E9 /* Post.swift in Sources */,
				3BD231CF1E5DFEA700902E44 /* LoginService.swift in Sources */,
				BABE1D7F1E50918300E5E7E9 /* PostTableViewCell.swift in Sources */,
				3BD231C81E5DA9A300902E44 /* profilePostTableViewCell.swift in Sources */,
				BABE1D821E5091FF00E5E7E9 /* User.swift in Sources */,
				3BE3BC3C1E57308200EA97DB /* signUpViewController.swift in Sources */,
			);
			runOnlyForDeploymentPostprocessing = 0;
		};
		BABE1D551E507D9900E5E7E9 /* Sources */ = {
			isa = PBXSourcesBuildPhase;
			buildActionMask = 2147483647;
			files = (
				BABE1D5E1E507D9900E5E7E9 /* MonogramTests.swift in Sources */,
				3BD231D01E5DFEA700902E44 /* LoginService.swift in Sources */,
			);
			runOnlyForDeploymentPostprocessing = 0;
		};
		BABE1D601E507D9900E5E7E9 /* Sources */ = {
			isa = PBXSourcesBuildPhase;
			buildActionMask = 2147483647;
			files = (
				BABE1D691E507D9900E5E7E9 /* MonogramUITests.swift in Sources */,
				3BD231D11E5DFEA700902E44 /* LoginService.swift in Sources */,
			);
			runOnlyForDeploymentPostprocessing = 0;
		};
/* End PBXSourcesBuildPhase section */

/* Begin PBXTargetDependency section */
		BABE1D5B1E507D9900E5E7E9 /* PBXTargetDependency */ = {
			isa = PBXTargetDependency;
			target = BABE1D441E507D9700E5E7E9 /* Monogram */;
			targetProxy = BABE1D5A1E507D9900E5E7E9 /* PBXContainerItemProxy */;
		};
		BABE1D661E507D9900E5E7E9 /* PBXTargetDependency */ = {
			isa = PBXTargetDependency;
			target = BABE1D441E507D9700E5E7E9 /* Monogram */;
			targetProxy = BABE1D651E507D9900E5E7E9 /* PBXContainerItemProxy */;
		};
/* End PBXTargetDependency section */

/* Begin PBXVariantGroup section */
		BABE1D4C1E507D9900E5E7E9 /* Main.storyboard */ = {
			isa = PBXVariantGroup;
			children = (
				BABE1D4D1E507D9900E5E7E9 /* Base */,
			);
			name = Main.storyboard;
			sourceTree = "<group>";
		};
		BABE1D511E507D9900E5E7E9 /* LaunchScreen.storyboard */ = {
			isa = PBXVariantGroup;
			children = (
				BABE1D521E507D9900E5E7E9 /* Base */,
			);
			name = LaunchScreen.storyboard;
			sourceTree = "<group>";
		};
/* End PBXVariantGroup section */

/* Begin XCBuildConfiguration section */
		BABE1D6B1E507D9900E5E7E9 /* Debug */ = {
			isa = XCBuildConfiguration;
			buildSettings = {
				ALWAYS_SEARCH_USER_PATHS = NO;
				CLANG_ANALYZER_NONNULL = YES;
				CLANG_CXX_LANGUAGE_STANDARD = "gnu++0x";
				CLANG_CXX_LIBRARY = "libc++";
				CLANG_ENABLE_MODULES = YES;
				CLANG_ENABLE_OBJC_ARC = YES;
				CLANG_WARN_BOOL_CONVERSION = YES;
				CLANG_WARN_CONSTANT_CONVERSION = YES;
				CLANG_WARN_DIRECT_OBJC_ISA_USAGE = YES_ERROR;
				CLANG_WARN_DOCUMENTATION_COMMENTS = YES;
				CLANG_WARN_EMPTY_BODY = YES;
				CLANG_WARN_ENUM_CONVERSION = YES;
				CLANG_WARN_INFINITE_RECURSION = YES;
				CLANG_WARN_INT_CONVERSION = YES;
				CLANG_WARN_OBJC_ROOT_CLASS = YES_ERROR;
				CLANG_WARN_SUSPICIOUS_MOVE = YES;
				CLANG_WARN_UNREACHABLE_CODE = YES;
				CLANG_WARN__DUPLICATE_METHOD_MATCH = YES;
				"CODE_SIGN_IDENTITY[sdk=iphoneos*]" = "iPhone Developer";
				COPY_PHASE_STRIP = NO;
				DEBUG_INFORMATION_FORMAT = dwarf;
				ENABLE_STRICT_OBJC_MSGSEND = YES;
				ENABLE_TESTABILITY = YES;
				GCC_C_LANGUAGE_STANDARD = gnu99;
				GCC_DYNAMIC_NO_PIC = NO;
				GCC_NO_COMMON_BLOCKS = YES;
				GCC_OPTIMIZATION_LEVEL = 0;
				GCC_PREPROCESSOR_DEFINITIONS = (
					"DEBUG=1",
					"$(inherited)",
				);
				GCC_WARN_64_TO_32_BIT_CONVERSION = YES;
				GCC_WARN_ABOUT_RETURN_TYPE = YES_ERROR;
				GCC_WARN_UNDECLARED_SELECTOR = YES;
				GCC_WARN_UNINITIALIZED_AUTOS = YES_AGGRESSIVE;
				GCC_WARN_UNUSED_FUNCTION = YES;
				GCC_WARN_UNUSED_VARIABLE = YES;
				IPHONEOS_DEPLOYMENT_TARGET = 10.2;
				MTL_ENABLE_DEBUG_INFO = YES;
				ONLY_ACTIVE_ARCH = YES;
				SDKROOT = iphoneos;
				SWIFT_ACTIVE_COMPILATION_CONDITIONS = DEBUG;
				SWIFT_OPTIMIZATION_LEVEL = "-Onone";
				TARGETED_DEVICE_FAMILY = "1,2";
			};
			name = Debug;
		};
		BABE1D6C1E507D9900E5E7E9 /* Release */ = {
			isa = XCBuildConfiguration;
			buildSettings = {
				ALWAYS_SEARCH_USER_PATHS = NO;
				CLANG_ANALYZER_NONNULL = YES;
				CLANG_CXX_LANGUAGE_STANDARD = "gnu++0x";
				CLANG_CXX_LIBRARY = "libc++";
				CLANG_ENABLE_MODULES = YES;
				CLANG_ENABLE_OBJC_ARC = YES;
				CLANG_WARN_BOOL_CONVERSION = YES;
				CLANG_WARN_CONSTANT_CONVERSION = YES;
				CLANG_WARN_DIRECT_OBJC_ISA_USAGE = YES_ERROR;
				CLANG_WARN_DOCUMENTATION_COMMENTS = YES;
				CLANG_WARN_EMPTY_BODY = YES;
				CLANG_WARN_ENUM_CONVERSION = YES;
				CLANG_WARN_INFINITE_RECURSION = YES;
				CLANG_WARN_INT_CONVERSION = YES;
				CLANG_WARN_OBJC_ROOT_CLASS = YES_ERROR;
				CLANG_WARN_SUSPICIOUS_MOVE = YES;
				CLANG_WARN_UNREACHABLE_CODE = YES;
				CLANG_WARN__DUPLICATE_METHOD_MATCH = YES;
				"CODE_SIGN_IDENTITY[sdk=iphoneos*]" = "iPhone Developer";
				COPY_PHASE_STRIP = NO;
				DEBUG_INFORMATION_FORMAT = "dwarf-with-dsym";
				ENABLE_NS_ASSERTIONS = NO;
				ENABLE_STRICT_OBJC_MSGSEND = YES;
				GCC_C_LANGUAGE_STANDARD = gnu99;
				GCC_NO_COMMON_BLOCKS = YES;
				GCC_WARN_64_TO_32_BIT_CONVERSION = YES;
				GCC_WARN_ABOUT_RETURN_TYPE = YES_ERROR;
				GCC_WARN_UNDECLARED_SELECTOR = YES;
				GCC_WARN_UNINITIALIZED_AUTOS = YES_AGGRESSIVE;
				GCC_WARN_UNUSED_FUNCTION = YES;
				GCC_WARN_UNUSED_VARIABLE = YES;
				IPHONEOS_DEPLOYMENT_TARGET = 10.2;
				MTL_ENABLE_DEBUG_INFO = NO;
				SDKROOT = iphoneos;
				SWIFT_OPTIMIZATION_LEVEL = "-Owholemodule";
				TARGETED_DEVICE_FAMILY = "1,2";
				VALIDATE_PRODUCT = YES;
			};
			name = Release;
		};
		BABE1D6E1E507D9900E5E7E9 /* Debug */ = {
			isa = XCBuildConfiguration;
			buildSettings = {
				ASSETCATALOG_COMPILER_APPICON_NAME = AppIcon;
				DEVELOPMENT_TEAM = SJYB86L23S;
				INFOPLIST_FILE = Monogram/Info.plist;
				LD_RUNPATH_SEARCH_PATHS = "$(inherited) @executable_path/Frameworks";
				PRODUCT_BUNDLE_IDENTIFIER = com.olmaditekrar.Monogram;
				PRODUCT_NAME = "$(TARGET_NAME)";
				SWIFT_VERSION = 3.0;
			};
			name = Debug;
		};
		BABE1D6F1E507D9900E5E7E9 /* Release */ = {
			isa = XCBuildConfiguration;
			buildSettings = {
				ASSETCATALOG_COMPILER_APPICON_NAME = AppIcon;
				DEVELOPMENT_TEAM = SJYB86L23S;
				INFOPLIST_FILE = Monogram/Info.plist;
				LD_RUNPATH_SEARCH_PATHS = "$(inherited) @executable_path/Frameworks";
				PRODUCT_BUNDLE_IDENTIFIER = com.olmaditekrar.Monogram;
				PRODUCT_NAME = "$(TARGET_NAME)";
				SWIFT_VERSION = 3.0;
			};
			name = Release;
		};
		BABE1D711E507D9900E5E7E9 /* Debug */ = {
			isa = XCBuildConfiguration;
			buildSettings = {
				ALWAYS_EMBED_SWIFT_STANDARD_LIBRARIES = YES;
				BUNDLE_LOADER = "$(TEST_HOST)";
				INFOPLIST_FILE = MonogramTests/Info.plist;
				LD_RUNPATH_SEARCH_PATHS = "$(inherited) @executable_path/Frameworks @loader_path/Frameworks";
				PRODUCT_BUNDLE_IDENTIFIER = com.olmaditekrar.MonogramTests;
				PRODUCT_NAME = "$(TARGET_NAME)";
				SWIFT_VERSION = 3.0;
				TEST_HOST = "$(BUILT_PRODUCTS_DIR)/Monogram.app/Monogram";
			};
			name = Debug;
		};
		BABE1D721E507D9900E5E7E9 /* Release */ = {
			isa = XCBuildConfiguration;
			buildSettings = {
				ALWAYS_EMBED_SWIFT_STANDARD_LIBRARIES = YES;
				BUNDLE_LOADER = "$(TEST_HOST)";
				INFOPLIST_FILE = MonogramTests/Info.plist;
				LD_RUNPATH_SEARCH_PATHS = "$(inherited) @executable_path/Frameworks @loader_path/Frameworks";
				PRODUCT_BUNDLE_IDENTIFIER = com.olmaditekrar.MonogramTests;
				PRODUCT_NAME = "$(TARGET_NAME)";
				SWIFT_VERSION = 3.0;
				TEST_HOST = "$(BUILT_PRODUCTS_DIR)/Monogram.app/Monogram";
			};
			name = Release;
		};
		BABE1D741E507D9900E5E7E9 /* Debug */ = {
			isa = XCBuildConfiguration;
			buildSettings = {
				ALWAYS_EMBED_SWIFT_STANDARD_LIBRARIES = YES;
				INFOPLIST_FILE = MonogramUITests/Info.plist;
				LD_RUNPATH_SEARCH_PATHS = "$(inherited) @executable_path/Frameworks @loader_path/Frameworks";
				PRODUCT_BUNDLE_IDENTIFIER = com.olmaditekrar.MonogramUITests;
				PRODUCT_NAME = "$(TARGET_NAME)";
				SWIFT_VERSION = 3.0;
				TEST_TARGET_NAME = Monogram;
			};
			name = Debug;
		};
		BABE1D751E507D9900E5E7E9 /* Release */ = {
			isa = XCBuildConfiguration;
			buildSettings = {
				ALWAYS_EMBED_SWIFT_STANDARD_LIBRARIES = YES;
				INFOPLIST_FILE = MonogramUITests/Info.plist;
				LD_RUNPATH_SEARCH_PATHS = "$(inherited) @executable_path/Frameworks @loader_path/Frameworks";
				PRODUCT_BUNDLE_IDENTIFIER = com.olmaditekrar.MonogramUITests;
				PRODUCT_NAME = "$(TARGET_NAME)";
				SWIFT_VERSION = 3.0;
				TEST_TARGET_NAME = Monogram;
			};
			name = Release;
		};
/* End XCBuildConfiguration section */

/* Begin XCConfigurationList section */
		BABE1D401E507D9600E5E7E9 /* Build configuration list for PBXProject "Monogram" */ = {
			isa = XCConfigurationList;
			buildConfigurations = (
				BABE1D6B1E507D9900E5E7E9 /* Debug */,
				BABE1D6C1E507D9900E5E7E9 /* Release */,
			);
			defaultConfigurationIsVisible = 0;
			defaultConfigurationName = Release;
		};
		BABE1D6D1E507D9900E5E7E9 /* Build configuration list for PBXNativeTarget "Monogram" */ = {
			isa = XCConfigurationList;
			buildConfigurations = (
				BABE1D6E1E507D9900E5E7E9 /* Debug */,
				BABE1D6F1E507D9900E5E7E9 /* Release */,
			);
			defaultConfigurationIsVisible = 0;
			defaultConfigurationName = Release;
		};
		BABE1D701E507D9900E5E7E9 /* Build configuration list for PBXNativeTarget "MonogramTests" */ = {
			isa = XCConfigurationList;
			buildConfigurations = (
				BABE1D711E507D9900E5E7E9 /* Debug */,
				BABE1D721E507D9900E5E7E9 /* Release */,
			);
			defaultConfigurationIsVisible = 0;
			defaultConfigurationName = Release;
		};
		BABE1D731E507D9900E5E7E9 /* Build configuration list for PBXNativeTarget "MonogramUITests" */ = {
			isa = XCConfigurationList;
			buildConfigurations = (
				BABE1D741E507D9900E5E7E9 /* Debug */,
				BABE1D751E507D9900E5E7E9 /* Release */,
			);
			defaultConfigurationIsVisible = 0;
			defaultConfigurationName = Release;
		};
/* End XCConfigurationList section */
	};
	rootObject = BABE1D3D1E507D9600E5E7E9 /* Project object */;
}
